
Microsoft Visual Studio Solution File, Format Version 12.00
# Visual Studio 14
VisualStudioVersion = 14.0.25420.1
MinimumVisualStudioVersion = 10.0.40219.1
Project("{FAE04EC0-301F-11D3-BF4B-00C04F79EFBC}") = "BuynSell.DataAccess", "BuynSell.DataAccess\BuynSell.DataAccess.csproj", "{30867311-5C55-40AF-80B4-E40888F4E4B8}"
EndProject
Project("{FAE04EC0-301F-11D3-BF4B-00C04F79EFBC}") = "BuynSell.API", "BuynSell.API\BuynSell.API.csproj", "{1B6C8B90-E9C4-4771-9C97-913A961F107F}"
EndProject
Global
	GlobalSection(SolutionConfigurationPlatforms) = preSolution
		Debug|Any CPU = Debug|Any CPU
		Release|Any CPU = Release|Any CPU
	EndGlobalSection
	GlobalSection(ProjectConfigurationPlatforms) = postSolution
		{30867311-5C55-40AF-80B4-E40888F4E4B8}.Debug|Any CPU.ActiveCfg = Debug|Any CPU
		{30867311-5C55-40AF-80B4-E40888F4E4B8}.Debug|Any CPU.Build.0 = Debug|Any CPU
		{30867311-5C55-40AF-80B4-E40888F4E4B8}.Release|Any CPU.ActiveCfg = Release|Any CPU
		{30867311-5C55-40AF-80B4-E40888F4E4B8}.Release|Any CPU.Build.0 = Release|Any CPU
		{1B6C8B90-E9C4-4771-9C97-913A961F107F}.Debug|Any CPU.ActiveCfg = Debug|Any CPU
		{1B6C8B90-E9C4-4771-9C97-913A961F107F}.Debug|Any CPU.Build.0 = Debug|Any CPU
		{1B6C8B90-E9C4-4771-9C97-913A961F107F}.Release|Any CPU.ActiveCfg = Release|Any CPU
		{1B6C8B90-E9C4-4771-9C97-913A961F107F}.Release|Any CPU.Build.0 = Release|Any CPU
	EndGlobalSection
	GlobalSection(SolutionProperties) = preSolution
		HideSolutionNode = FALSE
	EndGlobalSection
EndGlobal
